
Microsoft Visual Studio Solution File, Format Version 12.00
# Visual Studio Version 16
VisualStudioVersion = 16.0.30711.63
MinimumVisualStudioVersion = 10.0.40219.1
Project("{9A19103F-16F7-4668-BE54-9A1E7A4F7556}") = "WebAdvert.Search.Api", "WebAdvert.Search.Api.csproj", "{B15DF7FF-DEED-45BA-A6E0-26BE3D15E953}"
EndProject
Global
	GlobalSection(SolutionConfigurationPlatforms) = preSolution
		Debug|Any CPU = Debug|Any CPU
		Release|Any CPU = Release|Any CPU
	EndGlobalSection
	GlobalSection(ProjectConfigurationPlatforms) = postSolution
		{B15DF7FF-DEED-45BA-A6E0-26BE3D15E953}.Debug|Any CPU.ActiveCfg = Debug|Any CPU
		{B15DF7FF-DEED-45BA-A6E0-26BE3D15E953}.Debug|Any CPU.Build.0 = Debug|Any CPU
		{B15DF7FF-DEED-45BA-A6E0-26BE3D15E953}.Release|Any CPU.ActiveCfg = Release|Any CPU
		{B15DF7FF-DEED-45BA-A6E0-26BE3D15E953}.Release|Any CPU.Build.0 = Release|Any CPU
	EndGlobalSection
	GlobalSection(SolutionProperties) = preSolution
		HideSolutionNode = FALSE
	EndGlobalSection
	GlobalSection(ExtensibilityGlobals) = postSolution
		SolutionGuid = {9BDFF28D-F0EC-4724-AE89-33205FC9354E}
	EndGlobalSection
EndGlobal
